
Microsoft Visual Studio Solution File, Format Version 12.00
# Visual Studio 15
VisualStudioVersion = 15.0.26730.15
MinimumVisualStudioVersion = 10.0.40219.1
Project("{FAE04EC0-301F-11D3-BF4B-00C04F79EFBC}") = "OSWALD", "OSWALD\OSWALD.csproj", "{A475B204-87E5-40D5-B6C1-D5F863CF95A3}"
EndProject
Global
	GlobalSection(SolutionConfigurationPlatforms) = preSolution
		Debug|Any CPU = Debug|Any CPU
		Release|Any CPU = Release|Any CPU
	EndGlobalSection
	GlobalSection(ProjectConfigurationPlatforms) = postSolution
		{A475B204-87E5-40D5-B6C1-D5F863CF95A3}.Debug|Any CPU.ActiveCfg = Debug|Any CPU
		{A475B204-87E5-40D5-B6C1-D5F863CF95A3}.Debug|Any CPU.Build.0 = Debug|Any CPU
		{A475B204-87E5-40D5-B6C1-D5F863CF95A3}.Release|Any CPU.ActiveCfg = Release|Any CPU
		{A475B204-87E5-40D5-B6C1-D5F863CF95A3}.Release|Any CPU.Build.0 = Release|Any CPU
	EndGlobalSection
	GlobalSection(SolutionProperties) = preSolution
		HideSolutionNode = FALSE
	EndGlobalSection
	GlobalSection(ExtensibilityGlobals) = postSolution
		SolutionGuid = {E39B9590-C562-4D61-AAB9-324BE2EA2859}
	EndGlobalSection
EndGlobal
